
Microsoft Visual Studio Solution File, Format Version 12.00
# Visual Studio 14
VisualStudioVersion = 14.0.25123.0
MinimumVisualStudioVersion = 10.0.40219.1
Project("{FAE04EC0-301F-11D3-BF4B-00C04F79EFBC}") = "xamarin_forms_test.Droid", "xamarin-forms-test\xamarin_forms_test.Droid\xamarin_forms_test.Droid.csproj", "{B64F869D-2267-4244-B37D-62E31DF9D7F3}"
EndProject
Project("{FAE04EC0-301F-11D3-BF4B-00C04F79EFBC}") = "xamarin_forms_test.iOS", "xamarin-forms-test\xamarin_forms_test.iOS\xamarin_forms_test.iOS.csproj", "{D3CC7B0C-2C1A-46B2-81B1-A5D6EAE7B63A}"
EndProject
Project("{FAE04EC0-301F-11D3-BF4B-00C04F79EFBC}") = "xamarin_forms_test.UWP", "xamarin-forms-test\xamarin_forms_test.UWP\xamarin_forms_test.UWP.csproj", "{8B732C4A-95AD-49C8-96D9-06DCBA90F9E3}"
EndProject
Project("{FAE04EC0-301F-11D3-BF4B-00C04F79EFBC}") = "xamarin_forms_test", "xamarin-forms-test\xamarin_forms_test\xamarin_forms_test.csproj", "{C7466FF5-BB78-4DB3-98C3-8E6D716C9834}"
EndProject
Global
	GlobalSection(SolutionConfigurationPlatforms) = preSolution
		Ad-Hoc|Any CPU = Ad-Hoc|Any CPU
		Ad-Hoc|ARM = Ad-Hoc|ARM
		Ad-Hoc|iPhone = Ad-Hoc|iPhone
		Ad-Hoc|iPhoneSimulator = Ad-Hoc|iPhoneSimulator
		Ad-Hoc|x64 = Ad-Hoc|x64
		Ad-Hoc|x86 = Ad-Hoc|x86
		AppStore|Any CPU = AppStore|Any CPU
		AppStore|ARM = AppStore|ARM
		AppStore|iPhone = AppStore|iPhone
		AppStore|iPhoneSimulator = AppStore|iPhoneSimulator
		AppStore|x64 = AppStore|x64
		AppStore|x86 = AppStore|x86
		Debug|Any CPU = Debug|Any CPU
		Debug|ARM = Debug|ARM
		Debug|iPhone = Debug|iPhone
		Debug|iPhoneSimulator = Debug|iPhoneSimulator
		Debug|x64 = Debug|x64
		Debug|x86 = Debug|x86
		Release|Any CPU = Release|Any CPU
		Release|ARM = Release|ARM
		Release|iPhone = Release|iPhone
		Release|iPhoneSimulator = Release|iPhoneSimulator
		Release|x64 = Release|x64
		Release|x86 = Release|x86
	EndGlobalSection
	GlobalSection(ProjectConfigurationPlatforms) = postSolution
		{B64F869D-2267-4244-B37D-62E31DF9D7F3}.Ad-Hoc|Any CPU.ActiveCfg = Release|Any CPU
		{B64F869D-2267-4244-B37D-62E31DF9D7F3}.Ad-Hoc|Any CPU.Build.0 = Release|Any CPU
		{B64F869D-2267-4244-B37D-62E31DF9D7F3}.Ad-Hoc|Any CPU.Deploy.0 = Release|Any CPU
		{B64F869D-2267-4244-B37D-62E31DF9D7F3}.Ad-Hoc|ARM.ActiveCfg = Release|Any CPU
		{B64F869D-2267-4244-B37D-62E31DF9D7F3}.Ad-Hoc|ARM.Build.0 = Release|Any CPU
		{B64F869D-2267-4244-B37D-62E31DF9D7F3}.Ad-Hoc|ARM.Deploy.0 = Release|Any CPU
		{B64F869D-2267-4244-B37D-62E31DF9D7F3}.Ad-Hoc|iPhone.ActiveCfg = Release|Any CPU
		{B64F869D-2267-4244-B37D-62E31DF9D7F3}.Ad-Hoc|iPhone.Build.0 = Release|Any CPU
		{B64F869D-2267-4244-B37D-62E31DF9D7F3}.Ad-Hoc|iPhone.Deploy.0 = Release|Any CPU
		{B64F869D-2267-4244-B37D-62E31DF9D7F3}.Ad-Hoc|iPhoneSimulator.ActiveCfg = Release|Any CPU
		{B64F869D-2267-4244-B37D-62E31DF9D7F3}.Ad-Hoc|iPhoneSimulator.Build.0 = Release|Any CPU
		{B64F869D-2267-4244-B37D-62E31DF9D7F3}.Ad-Hoc|iPhoneSimulator.Deploy.0 = Release|Any CPU
		{B64F869D-2267-4244-B37D-62E31DF9D7F3}.Ad-Hoc|x64.ActiveCfg = Release|Any CPU
		{B64F869D-2267-4244-B37D-62E31DF9D7F3}.Ad-Hoc|x64.Build.0 = Release|Any CPU
		{B64F869D-2267-4244-B37D-62E31DF9D7F3}.Ad-Hoc|x64.Deploy.0 = Release|Any CPU
		{B64F869D-2267-4244-B37D-62E31DF9D7F3}.Ad-Hoc|x86.ActiveCfg = Release|Any CPU
		{B64F869D-2267-4244-B37D-62E31DF9D7F3}.Ad-Hoc|x86.Build.0 = Release|Any CPU
		{B64F869D-2267-4244-B37D-62E31DF9D7F3}.Ad-Hoc|x86.Deploy.0 = Release|Any CPU
		{B64F869D-2267-4244-B37D-62E31DF9D7F3}.AppStore|Any CPU.ActiveCfg = Release|Any CPU
		{B64F869D-2267-4244-B37D-62E31DF9D7F3}.AppStore|Any CPU.Build.0 = Release|Any CPU
		{B64F869D-2267-4244-B37D-62E31DF9D7F3}.AppStore|Any CPU.Deploy.0 = Release|Any CPU
		{B64F869D-2267-4244-B37D-62E31DF9D7F3}.AppStore|ARM.ActiveCfg = Release|Any CPU
		{B64F869D-2267-4244-B37D-62E31DF9D7F3}.AppStore|ARM.Build.0 = Release|Any CPU
		{B64F869D-2267-4244-B37D-62E31DF9D7F3}.AppStore|ARM.Deploy.0 = Release|Any CPU
		{B64F869D-2267-4244-B37D-62E31DF9D7F3}.AppStore|iPhone.ActiveCfg = Release|Any CPU
		{B64F869D-2267-4244-B37D-62E31DF9D7F3}.AppStore|iPhone.Build.0 = Release|Any CPU
		{B64F869D-2267-4244-B37D-62E31DF9D7F3}.AppStore|iPhone.Deploy.0 = Release|Any CPU
		{B64F869D-2267-4244-B37D-62E31DF9D7F3}.AppStore|iPhoneSimulator.ActiveCfg = Release|Any CPU
		{B64F869D-2267-4244-B37D-62E31DF9D7F3}.AppStore|iPhoneSimulator.Build.0 = Release|Any CPU
		{B64F869D-2267-4244-B37D-62E31DF9D7F3}.AppStore|iPhoneSimulator.Deploy.0 = Release|Any CPU
		{B64F869D-2267-4244-B37D-62E31DF9D7F3}.AppStore|x64.ActiveCfg = Release|Any CPU
		{B64F869D-2267-4244-B37D-62E31DF9D7F3}.AppStore|x64.Build.0 = Release|Any CPU
		{B64F869D-2267-4244-B37D-62E31DF9D7F3}.AppStore|x64.Deploy.0 = Release|Any CPU
		{B64F869D-2267-4244-B37D-62E31DF9D7F3}.AppStore|x86.ActiveCfg = Release|Any CPU
		{B64F869D-2267-4244-B37D-62E31DF9D7F3}.AppStore|x86.Build.0 = Release|Any CPU
		{B64F869D-2267-4244-B37D-62E31DF9D7F3}.AppStore|x86.Deploy.0 = Release|Any CPU
		{B64F869D-2267-4244-B37D-62E31DF9D7F3}.Debug|Any CPU.ActiveCfg = Debug|Any CPU
		{B64F869D-2267-4244-B37D-62E31DF9D7F3}.Debug|Any CPU.Build.0 = Debug|Any CPU
		{B64F869D-2267-4244-B37D-62E31DF9D7F3}.Debug|Any CPU.Deploy.0 = Debug|Any CPU
		{B64F869D-2267-4244-B37D-62E31DF9D7F3}.Debug|ARM.ActiveCfg = Debug|Any CPU
		{B64F869D-2267-4244-B37D-62E31DF9D7F3}.Debug|ARM.Build.0 = Debug|Any CPU
		{B64F869D-2267-4244-B37D-62E31DF9D7F3}.Debug|ARM.Deploy.0 = Debug|Any CPU
		{B64F869D-2267-4244-B37D-62E31DF9D7F3}.Debug|iPhone.ActiveCfg = Debug|Any CPU
		{B64F869D-2267-4244-B37D-62E31DF9D7F3}.Debug|iPhone.Build.0 = Debug|Any CPU
		{B64F869D-2267-4244-B37D-62E31DF9D7F3}.Debug|iPhone.Deploy.0 = Debug|Any CPU
		{B64F869D-2267-4244-B37D-62E31DF9D7F3}.Debug|iPhoneSimulator.ActiveCfg = Debug|Any CPU
		{B64F869D-2267-4244-B37D-62E31DF9D7F3}.Debug|iPhoneSimulator.Build.0 = Debug|Any CPU
		{B64F869D-2267-4244-B37D-62E31DF9D7F3}.Debug|iPhoneSimulator.Deploy.0 = Debug|Any CPU
		{B64F869D-2267-4244-B37D-62E31DF9D7F3}.Debug|x64.ActiveCfg = Debug|Any CPU
		{B64F869D-2267-4244-B37D-62E31DF9D7F3}.Debug|x64.Build.0 = Debug|Any CPU
		{B64F869D-2267-4244-B37D-62E31DF9D7F3}.Debug|x64.Deploy.0 = Debug|Any CPU
		{B64F869D-2267-4244-B37D-62E31DF9D7F3}.Debug|x86.ActiveCfg = Debug|Any CPU
		{B64F869D-2267-4244-B37D-62E31DF9D7F3}.Debug|x86.Build.0 = Debug|Any CPU
		{B64F869D-2267-4244-B37D-62E31DF9D7F3}.Debug|x86.Deploy.0 = Debug|Any CPU
		{B64F869D-2267-4244-B37D-62E31DF9D7F3}.Release|Any CPU.ActiveCfg = Release|Any CPU
		{B64F869D-2267-4244-B37D-62E31DF9D7F3}.Release|Any CPU.Build.0 = Release|Any CPU
		{B64F869D-2267-4244-B37D-62E31DF9D7F3}.Release|Any CPU.Deploy.0 = Release|Any CPU
		{B64F869D-2267-4244-B37D-62E31DF9D7F3}.Release|ARM.ActiveCfg = Release|Any CPU
		{B64F869D-2267-4244-B37D-62E31DF9D7F3}.Release|ARM.Build.0 = Release|Any CPU
		{B64F869D-2267-4244-B37D-62E31DF9D7F3}.Release|ARM.Deploy.0 = Release|Any CPU
		{B64F869D-2267-4244-B37D-62E31DF9D7F3}.Release|iPhone.ActiveCfg = Release|Any CPU
		{B64F869D-2267-4244-B37D-62E31DF9D7F3}.Release|iPhone.Build.0 = Release|Any CPU
		{B64F869D-2267-4244-B37D-62E31DF9D7F3}.Release|iPhone.Deploy.0 = Release|Any CPU
		{B64F869D-2267-4244-B37D-62E31DF9D7F3}.Release|iPhoneSimulator.ActiveCfg = Release|Any CPU
		{B64F869D-2267-4244-B37D-62E31DF9D7F3}.Release|iPhoneSimulator.Build.0 = Release|Any CPU
		{B64F869D-2267-4244-B37D-62E31DF9D7F3}.Release|iPhoneSimulator.Deploy.0 = Release|Any CPU
		{B64F869D-2267-4244-B37D-62E31DF9D7F3}.Release|x64.ActiveCfg = Release|Any CPU
		{B64F869D-2267-4244-B37D-62E31DF9D7F3}.Release|x64.Build.0 = Release|Any CPU
		{B64F869D-2267-4244-B37D-62E31DF9D7F3}.Release|x64.Deploy.0 = Release|Any CPU
		{B64F869D-2267-4244-B37D-62E31DF9D7F3}.Release|x86.ActiveCfg = Release|Any CPU
		{B64F869D-2267-4244-B37D-62E31DF9D7F3}.Release|x86.Build.0 = Release|Any CPU
		{B64F869D-2267-4244-B37D-62E31DF9D7F3}.Release|x86.Deploy.0 = Release|Any CPU
		{D3CC7B0C-2C1A-46B2-81B1-A5D6EAE7B63A}.Ad-Hoc|Any CPU.ActiveCfg = Ad-Hoc|iPhone
		{D3CC7B0C-2C1A-46B2-81B1-A5D6EAE7B63A}.Ad-Hoc|ARM.ActiveCfg = Ad-Hoc|iPhone
		{D3CC7B0C-2C1A-46B2-81B1-A5D6EAE7B63A}.Ad-Hoc|iPhone.ActiveCfg = Ad-Hoc|iPhone
		{D3CC7B0C-2C1A-46B2-81B1-A5D6EAE7B63A}.Ad-Hoc|iPhone.Build.0 = Ad-Hoc|iPhone
		{D3CC7B0C-2C1A-46B2-81B1-A5D6EAE7B63A}.Ad-Hoc|iPhoneSimulator.ActiveCfg = Ad-Hoc|iPhoneSimulator
		{D3CC7B0C-2C1A-46B2-81B1-A5D6EAE7B63A}.Ad-Hoc|iPhoneSimulator.Build.0 = Ad-Hoc|iPhoneSimulator
		{D3CC7B0C-2C1A-46B2-81B1-A5D6EAE7B63A}.Ad-Hoc|x64.ActiveCfg = Ad-Hoc|iPhone
		{D3CC7B0C-2C1A-46B2-81B1-A5D6EAE7B63A}.Ad-Hoc|x86.ActiveCfg = Ad-Hoc|iPhone
		{D3CC7B0C-2C1A-46B2-81B1-A5D6EAE7B63A}.AppStore|Any CPU.ActiveCfg = AppStore|iPhone
		{D3CC7B0C-2C1A-46B2-81B1-A5D6EAE7B63A}.AppStore|ARM.ActiveCfg = AppStore|iPhone
		{D3CC7B0C-2C1A-46B2-81B1-A5D6EAE7B63A}.AppStore|iPhone.ActiveCfg = AppStore|iPhone
		{D3CC7B0C-2C1A-46B2-81B1-A5D6EAE7B63A}.AppStore|iPhone.Build.0 = AppStore|iPhone
		{D3CC7B0C-2C1A-46B2-81B1-A5D6EAE7B63A}.AppStore|iPhoneSimulator.ActiveCfg = AppStore|iPhoneSimulator
		{D3CC7B0C-2C1A-46B2-81B1-A5D6EAE7B63A}.AppStore|iPhoneSimulator.Build.0 = AppStore|iPhoneSimulator
		{D3CC7B0C-2C1A-46B2-81B1-A5D6EAE7B63A}.AppStore|x64.ActiveCfg = AppStore|iPhone
		{D3CC7B0C-2C1A-46B2-81B1-A5D6EAE7B63A}.AppStore|x86.ActiveCfg = AppStore|iPhone
		{D3CC7B0C-2C1A-46B2-81B1-A5D6EAE7B63A}.Debug|Any CPU.ActiveCfg = Debug|iPhone
		{D3CC7B0C-2C1A-46B2-81B1-A5D6EAE7B63A}.Debug|ARM.ActiveCfg = Debug|iPhone
		{D3CC7B0C-2C1A-46B2-81B1-A5D6EAE7B63A}.Debug|iPhone.ActiveCfg = Debug|iPhone
		{D3CC7B0C-2C1A-46B2-81B1-A5D6EAE7B63A}.Debug|iPhone.Build.0 = Debug|iPhone
		{D3CC7B0C-2C1A-46B2-81B1-A5D6EAE7B63A}.Debug|iPhoneSimulator.ActiveCfg = Debug|iPhoneSimulator
		{D3CC7B0C-2C1A-46B2-81B1-A5D6EAE7B63A}.Debug|iPhoneSimulator.Build.0 = Debug|iPhoneSimulator
		{D3CC7B0C-2C1A-46B2-81B1-A5D6EAE7B63A}.Debug|x64.ActiveCfg = Debug|iPhone
		{D3CC7B0C-2C1A-46B2-81B1-A5D6EAE7B63A}.Debug|x86.ActiveCfg = Debug|iPhone
		{D3CC7B0C-2C1A-46B2-81B1-A5D6EAE7B63A}.Release|Any CPU.ActiveCfg = Release|iPhone
		{D3CC7B0C-2C1A-46B2-81B1-A5D6EAE7B63A}.Release|ARM.ActiveCfg = Release|iPhone
		{D3CC7B0C-2C1A-46B2-81B1-A5D6EAE7B63A}.Release|iPhone.ActiveCfg = Release|iPhone
		{D3CC7B0C-2C1A-46B2-81B1-A5D6EAE7B63A}.Release|iPhone.Build.0 = Release|iPhone
		{D3CC7B0C-2C1A-46B2-81B1-A5D6EAE7B63A}.Release|iPhoneSimulator.ActiveCfg = Release|iPhoneSimulator
		{D3CC7B0C-2C1A-46B2-81B1-A5D6EAE7B63A}.Release|iPhoneSimulator.Build.0 = Release|iPhoneSimulator
		{D3CC7B0C-2C1A-46B2-81B1-A5D6EAE7B63A}.Release|x64.ActiveCfg = Release|iPhone
		{D3CC7B0C-2C1A-46B2-81B1-A5D6EAE7B63A}.Release|x86.ActiveCfg = Release|iPhone
		{8B732C4A-95AD-49C8-96D9-06DCBA90F9E3}.Ad-Hoc|Any CPU.ActiveCfg = Release|x86
		{8B732C4A-95AD-49C8-96D9-06DCBA90F9E3}.Ad-Hoc|Any CPU.Build.0 = Release|x86
		{8B732C4A-95AD-49C8-96D9-06DCBA90F9E3}.Ad-Hoc|Any CPU.Deploy.0 = Release|x86
		{8B732C4A-95AD-49C8-96D9-06DCBA90F9E3}.Ad-Hoc|ARM.ActiveCfg = Release|ARM
		{8B732C4A-95AD-49C8-96D9-06DCBA90F9E3}.Ad-Hoc|ARM.Build.0 = Release|ARM
		{8B732C4A-95AD-49C8-96D9-06DCBA90F9E3}.Ad-Hoc|ARM.Deploy.0 = Release|ARM
		{8B732C4A-95AD-49C8-96D9-06DCBA90F9E3}.Ad-Hoc|iPhone.ActiveCfg = Release|x86
		{8B732C4A-95AD-49C8-96D9-06DCBA90F9E3}.Ad-Hoc|iPhone.Build.0 = Release|x86
		{8B732C4A-95AD-49C8-96D9-06DCBA90F9E3}.Ad-Hoc|iPhone.Deploy.0 = Release|x86
		{8B732C4A-95AD-49C8-96D9-06DCBA90F9E3}.Ad-Hoc|iPhoneSimulator.ActiveCfg = Release|x86
		{8B732C4A-95AD-49C8-96D9-06DCBA90F9E3}.Ad-Hoc|iPhoneSimulator.Build.0 = Release|x86
		{8B732C4A-95AD-49C8-96D9-06DCBA90F9E3}.Ad-Hoc|iPhoneSimulator.Deploy.0 = Release|x86
		{8B732C4A-95AD-49C8-96D9-06DCBA90F9E3}.Ad-Hoc|x64.ActiveCfg = Release|x64
		{8B732C4A-95AD-49C8-96D9-06DCBA90F9E3}.Ad-Hoc|x64.Build.0 = Release|x64
		{8B732C4A-95AD-49C8-96D9-06DCBA90F9E3}.Ad-Hoc|x64.Deploy.0 = Release|x64
		{8B732C4A-95AD-49C8-96D9-06DCBA90F9E3}.Ad-Hoc|x86.ActiveCfg = Release|x86
		{8B732C4A-95AD-49C8-96D9-06DCBA90F9E3}.Ad-Hoc|x86.Build.0 = Release|x86
		{8B732C4A-95AD-49C8-96D9-06DCBA90F9E3}.Ad-Hoc|x86.Deploy.0 = Release|x86
		{8B732C4A-95AD-49C8-96D9-06DCBA90F9E3}.AppStore|Any CPU.ActiveCfg = Release|x86
		{8B732C4A-95AD-49C8-96D9-06DCBA90F9E3}.AppStore|Any CPU.Build.0 = Release|x86
		{8B732C4A-95AD-49C8-96D9-06DCBA90F9E3}.AppStore|Any CPU.Deploy.0 = Release|x86
		{8B732C4A-95AD-49C8-96D9-06DCBA90F9E3}.AppStore|ARM.ActiveCfg = Release|ARM
		{8B732C4A-95AD-49C8-96D9-06DCBA90F9E3}.AppStore|ARM.Build.0 = Release|ARM
		{8B732C4A-95AD-49C8-96D9-06DCBA90F9E3}.AppStore|ARM.Deploy.0 = Release|ARM
		{8B732C4A-95AD-49C8-96D9-06DCBA90F9E3}.AppStore|iPhone.ActiveCfg = Release|x86
		{8B732C4A-95AD-49C8-96D9-06DCBA90F9E3}.AppStore|iPhone.Build.0 = Release|x86
		{8B732C4A-95AD-49C8-96D9-06DCBA90F9E3}.AppStore|iPhone.Deploy.0 = Release|x86
		{8B732C4A-95AD-49C8-96D9-06DCBA90F9E3}.AppStore|iPhoneSimulator.ActiveCfg = Release|x86
		{8B732C4A-95AD-49C8-96D9-06DCBA90F9E3}.AppStore|iPhoneSimulator.Build.0 = Release|x86
		{8B732C4A-95AD-49C8-96D9-06DCBA90F9E3}.AppStore|iPhoneSimulator.Deploy.0 = Release|x86
		{8B732C4A-95AD-49C8-96D9-06DCBA90F9E3}.AppStore|x64.ActiveCfg = Release|x64
		{8B732C4A-95AD-49C8-96D9-06DCBA90F9E3}.AppStore|x64.Build.0 = Release|x64
		{8B732C4A-95AD-49C8-96D9-06DCBA90F9E3}.AppStore|x64.Deploy.0 = Release|x64
		{8B732C4A-95AD-49C8-96D9-06DCBA90F9E3}.AppStore|x86.ActiveCfg = Release|x86
		{8B732C4A-95AD-49C8-96D9-06DCBA90F9E3}.AppStore|x86.Build.0 = Release|x86
		{8B732C4A-95AD-49C8-96D9-06DCBA90F9E3}.AppStore|x86.Deploy.0 = Release|x86
		{8B732C4A-95AD-49C8-96D9-06DCBA90F9E3}.Debug|Any CPU.ActiveCfg = Debug|x86
		{8B732C4A-95AD-49C8-96D9-06DCBA90F9E3}.Debug|ARM.ActiveCfg = Debug|ARM
		{8B732C4A-95AD-49C8-96D9-06DCBA90F9E3}.Debug|ARM.Build.0 = Debug|ARM
		{8B732C4A-95AD-49C8-96D9-06DCBA90F9E3}.Debug|ARM.Deploy.0 = Debug|ARM
		{8B732C4A-95AD-49C8-96D9-06DCBA90F9E3}.Debug|iPhone.ActiveCfg = Debug|x86
		{8B732C4A-95AD-49C8-96D9-06DCBA90F9E3}.Debug|iPhoneSimulator.ActiveCfg = Debug|x86
		{8B732C4A-95AD-49C8-96D9-06DCBA90F9E3}.Debug|x64.ActiveCfg = Debug|x64
		{8B732C4A-95AD-49C8-96D9-06DCBA90F9E3}.Debug|x64.Build.0 = Debug|x64
		{8B732C4A-95AD-49C8-96D9-06DCBA90F9E3}.Debug|x64.Deploy.0 = Debug|x64
		{8B732C4A-95AD-49C8-96D9-06DCBA90F9E3}.Debug|x86.ActiveCfg = Debug|x86
		{8B732C4A-95AD-49C8-96D9-06DCBA90F9E3}.Debug|x86.Build.0 = Debug|x86
		{8B732C4A-95AD-49C8-96D9-06DCBA90F9E3}.Debug|x86.Deploy.0 = Debug|x86
		{8B732C4A-95AD-49C8-96D9-06DCBA90F9E3}.Release|Any CPU.ActiveCfg = Release|x86
		{8B732C4A-95AD-49C8-96D9-06DCBA90F9E3}.Release|ARM.ActiveCfg = Release|ARM
		{8B732C4A-95AD-49C8-96D9-06DCBA90F9E3}.Release|ARM.Build.0 = Release|ARM
		{8B732C4A-95AD-49C8-96D9-06DCBA90F9E3}.Release|ARM.Deploy.0 = Release|ARM
		{8B732C4A-95AD-49C8-96D9-06DCBA90F9E3}.Release|iPhone.ActiveCfg = Release|x86
		{8B732C4A-95AD-49C8-96D9-06DCBA90F9E3}.Release|iPhoneSimulator.ActiveCfg = Release|x86
		{8B732C4A-95AD-49C8-96D9-06DCBA90F9E3}.Release|x64.ActiveCfg = Release|x64
		{8B732C4A-95AD-49C8-96D9-06DCBA90F9E3}.Release|x64.Build.0 = Release|x64
		{8B732C4A-95AD-49C8-96D9-06DCBA90F9E3}.Release|x64.Deploy.0 = Release|x64
		{8B732C4A-95AD-49C8-96D9-06DCBA90F9E3}.Release|x86.ActiveCfg = Release|x86
		{8B732C4A-95AD-49C8-96D9-06DCBA90F9E3}.Release|x86.Build.0 = Release|x86
		{8B732C4A-95AD-49C8-96D9-06DCBA90F9E3}.Release|x86.Deploy.0 = Release|x86
		{C7466FF5-BB78-4DB3-98C3-8E6D716C9834}.Ad-Hoc|Any CPU.ActiveCfg = Release|Any CPU
		{C7466FF5-BB78-4DB3-98C3-8E6D716C9834}.Ad-Hoc|Any CPU.Build.0 = Release|Any CPU
		{C7466FF5-BB78-4DB3-98C3-8E6D716C9834}.Ad-Hoc|ARM.ActiveCfg = Release|Any CPU
		{C7466FF5-BB78-4DB3-98C3-8E6D716C9834}.Ad-Hoc|ARM.Build.0 = Release|Any CPU
		{C7466FF5-BB78-4DB3-98C3-8E6D716C9834}.Ad-Hoc|iPhone.ActiveCfg = Release|Any CPU
		{C7466FF5-BB78-4DB3-98C3-8E6D716C9834}.Ad-Hoc|iPhone.Build.0 = Release|Any CPU
		{C7466FF5-BB78-4DB3-98C3-8E6D716C9834}.Ad-Hoc|iPhoneSimulator.ActiveCfg = Release|Any CPU
		{C7466FF5-BB78-4DB3-98C3-8E6D716C9834}.Ad-Hoc|iPhoneSimulator.Build.0 = Release|Any CPU
		{C7466FF5-BB78-4DB3-98C3-8E6D716C9834}.Ad-Hoc|x64.ActiveCfg = Release|Any CPU
		{C7466FF5-BB78-4DB3-98C3-8E6D716C9834}.Ad-Hoc|x64.Build.0 = Release|Any CPU
		{C7466FF5-BB78-4DB3-98C3-8E6D716C9834}.Ad-Hoc|x86.ActiveCfg = Release|Any CPU
		{C7466FF5-BB78-4DB3-98C3-8E6D716C9834}.Ad-Hoc|x86.Build.0 = Release|Any CPU
		{C7466FF5-BB78-4DB3-98C3-8E6D716C9834}.AppStore|Any CPU.ActiveCfg = Release|Any CPU
		{C7466FF5-BB78-4DB3-98C3-8E6D716C9834}.AppStore|Any CPU.Build.0 = Release|Any CPU
		{C7466FF5-BB78-4DB3-98C3-8E6D716C9834}.AppStore|ARM.ActiveCfg = Release|Any CPU
		{C7466FF5-BB78-4DB3-98C3-8E6D716C9834}.AppStore|ARM.Build.0 = Release|Any CPU
		{C7466FF5-BB78-4DB3-98C3-8E6D716C9834}.AppStore|iPhone.ActiveCfg = Release|Any CPU
		{C7466FF5-BB78-4DB3-98C3-8E6D716C9834}.AppStore|iPhone.Build.0 = Release|Any CPU
		{C7466FF5-BB78-4DB3-98C3-8E6D716C9834}.AppStore|iPhoneSimulator.ActiveCfg = Release|Any CPU
		{C7466FF5-BB78-4DB3-98C3-8E6D716C9834}.AppStore|iPhoneSimulator.Build.0 = Release|Any CPU
		{C7466FF5-BB78-4DB3-98C3-8E6D716C9834}.AppStore|x64.ActiveCfg = Release|Any CPU
		{C7466FF5-BB78-4DB3-98C3-8E6D716C9834}.AppStore|x64.Build.0 = Release|Any CPU
		{C7466FF5-BB78-4DB3-98C3-8E6D716C9834}.AppStore|x86.ActiveCfg = Release|Any CPU
		{C7466FF5-BB78-4DB3-98C3-8E6D716C9834}.AppStore|x86.Build.0 = Release|Any CPU
		{C7466FF5-BB78-4DB3-98C3-8E6D716C9834}.Debug|Any CPU.ActiveCfg = Debug|Any CPU
		{C7466FF5-BB78-4DB3-98C3-8E6D716C9834}.Debug|Any CPU.Build.0 = Debug|Any CPU
		{C7466FF5-BB78-4DB3-98C3-8E6D716C9834}.Debug|ARM.ActiveCfg = Debug|Any CPU
		{C7466FF5-BB78-4DB3-98C3-8E6D716C9834}.Debug|ARM.Build.0 = Debug|Any CPU
		{C7466FF5-BB78-4DB3-98C3-8E6D716C9834}.Debug|iPhone.ActiveCfg = Debug|Any CPU
		{C7466FF5-BB78-4DB3-98C3-8E6D716C9834}.Debug|iPhone.Build.0 = Debug|Any CPU
		{C7466FF5-BB78-4DB3-98C3-8E6D716C9834}.Debug|iPhoneSimulator.ActiveCfg = Debug|Any CPU
		{C7466FF5-BB78-4DB3-98C3-8E6D716C9834}.Debug|iPhoneSimulator.Build.0 = Debug|Any CPU
		{C7466FF5-BB78-4DB3-98C3-8E6D716C9834}.Debug|x64.ActiveCfg = Debug|Any CPU
		{C7466FF5-BB78-4DB3-98C3-8E6D716C9834}.Debug|x64.Build.0 = Debug|Any CPU
		{C7466FF5-BB78-4DB3-98C3-8E6D716C9834}.Debug|x86.ActiveCfg = Debug|Any CPU
		{C7466FF5-BB78-4DB3-98C3-8E6D716C9834}.Debug|x86.Build.0 = Debug|Any CPU
		{C7466FF5-BB78-4DB3-98C3-8E6D716C9834}.Release|Any CPU.ActiveCfg = Release|Any CPU
		{C7466FF5-BB78-4DB3-98C3-8E6D716C9834}.Release|Any CPU.Build.0 = Release|Any CPU
		{C7466FF5-BB78-4DB3-98C3-8E6D716C9834}.Release|ARM.ActiveCfg = Release|Any CPU
		{C7466FF5-BB78-4DB3-98C3-8E6D716C9834}.Release|ARM.Build.0 = Release|Any CPU
		{C7466FF5-BB78-4DB3-98C3-8E6D716C9834}.Release|iPhone.ActiveCfg = Release|Any CPU
		{C7466FF5-BB78-4DB3-98C3-8E6D716C9834}.Release|iPhone.Build.0 = Release|Any CPU
		{C7466FF5-BB78-4DB3-98C3-8E6D716C9834}.Release|iPhoneSimulator.ActiveCfg = Release|Any CPU
		{C7466FF5-BB78-4DB3-98C3-8E6D716C9834}.Release|iPhoneSimulator.Build.0 = Release|Any CPU
		{C7466FF5-BB78-4DB3-98C3-8E6D716C9834}.Release|x64.ActiveCfg = Release|Any CPU
		{C7466FF5-BB78-4DB3-98C3-8E6D716C9834}.Release|x64.Build.0 = Release|Any CPU
		{C7466FF5-BB78-4DB3-98C3-8E6D716C9834}.Release|x86.ActiveCfg = Release|Any CPU
		{C7466FF5-BB78-4DB3-98C3-8E6D716C9834}.Release|x86.Build.0 = Release|Any CPU
	EndGlobalSection
	GlobalSection(SolutionProperties) = preSolution
		HideSolutionNode = FALSE
	EndGlobalSection
EndGlobal
